{
  "requires": true,
  "lockfileVersion": 1,
  "dependencies": {
    "slug": {
      "version": "5.1.0",
      "resolved": "https://registry.npmjs.org/slug/-/slug-5.1.0.tgz",
      "integrity": "sha512-IS39jKR6m+puU8zWgH6ruwx1sfzFNJ6Ai5PKIlUqd0X8C3ca7PB49Cvm0uayqgEt1jgaojO2wWEsQJngnh7fDA=="
    }
  }
}
